
Microsoft Visual Studio Solution File, Format Version 12.00
# Visual Studio Version 17
VisualStudioVersion = 17.10.35004.147
MinimumVisualStudioVersion = 10.0.40219.1
Project("{FAE04EC0-301F-11D3-BF4B-00C04F79EFBC}") = "crud2-webapi", "crud2-webapi\crud2-webapi.csproj", "{F2EFD159-5464-4238-9A45-4424B3BABF79}"
EndProject
Global
	GlobalSection(SolutionConfigurationPlatforms) = preSolution
		Debug|Any CPU = Debug|Any CPU
		Release|Any CPU = Release|Any CPU
	EndGlobalSection
	GlobalSection(ProjectConfigurationPlatforms) = postSolution
		{F2EFD159-5464-4238-9A45-4424B3BABF79}.Debug|Any CPU.ActiveCfg = Debug|Any CPU
		{F2EFD159-5464-4238-9A45-4424B3BABF79}.Debug|Any CPU.Build.0 = Debug|Any CPU
		{F2EFD159-5464-4238-9A45-4424B3BABF79}.Release|Any CPU.ActiveCfg = Release|Any CPU
		{F2EFD159-5464-4238-9A45-4424B3BABF79}.Release|Any CPU.Build.0 = Release|Any CPU
	EndGlobalSection
	GlobalSection(SolutionProperties) = preSolution
		HideSolutionNode = FALSE
	EndGlobalSection
	GlobalSection(ExtensibilityGlobals) = postSolution
		SolutionGuid = {37781C66-D4E6-4E89-A37D-2356C623716D}
	EndGlobalSection
EndGlobal
